
Microsoft Visual Studio Solution File, Format Version 12.00
# Visual Studio Version 16
VisualStudioVersion = 16.0.31624.102
MinimumVisualStudioVersion = 10.0.40219.1
Project("{FAE04EC0-301F-11D3-BF4B-00C04F79EFBC}") = "billingapi", "billingapi.csproj", "{5A4AAFDD-4C62-4F99-A713-E3368337CECB}"
EndProject
Global
	GlobalSection(SolutionConfigurationPlatforms) = preSolution
		Debug|Any CPU = Debug|Any CPU
		Release|Any CPU = Release|Any CPU
	EndGlobalSection
	GlobalSection(ProjectConfigurationPlatforms) = postSolution
		{5A4AAFDD-4C62-4F99-A713-E3368337CECB}.Debug|Any CPU.ActiveCfg = Debug|Any CPU
		{5A4AAFDD-4C62-4F99-A713-E3368337CECB}.Debug|Any CPU.Build.0 = Debug|Any CPU
		{5A4AAFDD-4C62-4F99-A713-E3368337CECB}.Release|Any CPU.ActiveCfg = Release|Any CPU
		{5A4AAFDD-4C62-4F99-A713-E3368337CECB}.Release|Any CPU.Build.0 = Release|Any CPU
	EndGlobalSection
	GlobalSection(SolutionProperties) = preSolution
		HideSolutionNode = FALSE
	EndGlobalSection
	GlobalSection(ExtensibilityGlobals) = postSolution
		SolutionGuid = {64300B81-CD13-4D49-9478-EC658BC5970B}
	EndGlobalSection
EndGlobal
